DEPENDENCIES
  jenkins-simple-app
    path: .
    metadata: true

GRAPH
  apt (2.9.2)
  build-essential (4.0.0)
    mingw (>= 0.0.0)
    seven_zip (>= 0.0.0)
  chef_handler (1.4.0)
  compat_resource (12.9.1)
  dmg (2.4.0)
  git (4.5.0)
    build-essential (>= 0.0.0)
    dmg (>= 0.0.0)
    windows (>= 0.0.0)
    yum-epel (>= 0.0.0)
  jenkins (2.5.0)
    apt (~> 2.0)
    runit (~> 1.7)
    yum (~> 3.0)
  jenkins-simple-app (0.1.0)
    apt (= 2.9.2)
    git (= 4.5.0)
    jenkins (= 2.5.0)
  mingw (1.0.0)
    compat_resource (>= 0.0.0)
    seven_zip (>= 0.0.0)
  packagecloud (0.2.0)
  runit (1.7.8)
    packagecloud (>= 0.0.0)
  seven_zip (2.0.0)
    windows (>= 1.2.2)
  windows (1.41.0)
    chef_handler (>= 0.0.0)
  yum (3.10.0)
  yum-epel (0.7.0)
    yum (>= 3.6.3)
